
Microsoft Visual Studio Solution File, Format Version 12.00
# Visual Studio 2013
VisualStudioVersion = 12.0.40418.0
MinimumVisualStudioVersion = 10.0.40219.1
Project("{FAE04EC0-301F-11D3-BF4B-00C04F79EFBC}") = "ToDo List Pro", "ToDo List Pro\ToDo List Pro.csproj", "{4F8100DA-F59D-40CF-B5BE-415EA87CB135}"
EndProject
Project("{FAE04EC0-301F-11D3-BF4B-00C04F79EFBC}") = "ToDo List ProWeb", "ToDo List ProWeb\ToDo List ProWeb.csproj", "{BA194063-67B6-418E-99E1-7A60FB586A8B}"
EndProject
Global
	GlobalSection(SolutionConfigurationPlatforms) = preSolution
		Debug|Any CPU = Debug|Any CPU
		Release|Any CPU = Release|Any CPU
	EndGlobalSection
	GlobalSection(ProjectConfigurationPlatforms) = postSolution
		{4F8100DA-F59D-40CF-B5BE-415EA87CB135}.Debug|Any CPU.ActiveCfg = Debug|Any CPU
		{4F8100DA-F59D-40CF-B5BE-415EA87CB135}.Debug|Any CPU.Build.0 = Debug|Any CPU
		{4F8100DA-F59D-40CF-B5BE-415EA87CB135}.Debug|Any CPU.Deploy.0 = Debug|Any CPU
		{4F8100DA-F59D-40CF-B5BE-415EA87CB135}.Release|Any CPU.ActiveCfg = Release|Any CPU
		{4F8100DA-F59D-40CF-B5BE-415EA87CB135}.Release|Any CPU.Build.0 = Release|Any CPU
		{4F8100DA-F59D-40CF-B5BE-415EA87CB135}.Release|Any CPU.Deploy.0 = Release|Any CPU
		{BA194063-67B6-418E-99E1-7A60FB586A8B}.Debug|Any CPU.ActiveCfg = Debug|Any CPU
		{BA194063-67B6-418E-99E1-7A60FB586A8B}.Debug|Any CPU.Build.0 = Debug|Any CPU
		{BA194063-67B6-418E-99E1-7A60FB586A8B}.Release|Any CPU.ActiveCfg = Release|Any CPU
		{BA194063-67B6-418E-99E1-7A60FB586A8B}.Release|Any CPU.Build.0 = Release|Any CPU
	EndGlobalSection
	GlobalSection(SolutionProperties) = preSolution
		HideSolutionNode = FALSE
	EndGlobalSection
EndGlobal
